// !$*UTF8*$!
{
	archiveVersion = 1;
	classes = {
	};
	objectVersion = 50;
	objects = {

/* Begin PBXBuildFile section */
		0C4DC2B5225D50490001D84D /* AnimalDetailsViewController.swift in Sources */ = {isa = PBXBuildFile; fileRef = 0C4DC2B4225D50490001D84D /* AnimalDetailsViewController.swift */; };
		0C4DC2B7225D8DBD0001D84D /* Values.swift in Sources */ = {isa = PBXBuildFile; fileRef = 0C4DC2B6225D8DBD0001D84D /* Values.swift */; };
		0C4DC2B9225D94BF0001D84D /* AnimalDetailsPresenter.swift in Sources */ = {isa = PBXBuildFile; fileRef = 0C4DC2B8225D94BF0001D84D /* AnimalDetailsPresenter.swift */; };
		0C4DC2BB225D94F80001D84D /* AnimalDetailsView.swift in Sources */ = {isa = PBXBuildFile; fileRef = 0C4DC2BA225D94F80001D84D /* AnimalDetailsView.swift */; };
		0C4DC2BD225E90AE0001D84D /* AnimalListCollectionViewDataSource.swift in Sources */ = {isa = PBXBuildFile; fileRef = 0C4DC2BC225E90AE0001D84D /* AnimalListCollectionViewDataSource.swift */; };
		0C4DC2BF225E91840001D84D /* AnimalListCollectionViewDelegate.swift in Sources */ = {isa = PBXBuildFile; fileRef = 0C4DC2BE225E91840001D84D /* AnimalListCollectionViewDelegate.swift */; };
		0C4DC2C4225E9E400001D84D /* MvpAssembly.swift in Sources */ = {isa = PBXBuildFile; fileRef = 0C4DC2C3225E9E400001D84D /* MvpAssembly.swift */; };
		0C4DC2C6225EAD130001D84D /* AnimalCollectionView.swift in Sources */ = {isa = PBXBuildFile; fileRef = 0C4DC2C5225EAD130001D84D /* AnimalCollectionView.swift */; };
		0C55F81A225AFF0F00CDCAC3 /* AppDelegate.swift in Sources */ = {isa = PBXBuildFile; fileRef = 0C55F819225AFF0F00CDCAC3 /* AppDelegate.swift */; };
		0C55F821225AFF0F00CDCAC3 /* Assets.xcassets in Resources */ = {isa = PBXBuildFile; fileRef = 0C55F820225AFF0F00CDCAC3 /* Assets.xcassets */; };
		0C55F824225AFF0F00CDCAC3 /* LaunchScreen.storyboard in Resources */ = {isa = PBXBuildFile; fileRef = 0C55F822225AFF0F00CDCAC3 /* LaunchScreen.storyboard */; };
		0C55F830225BE9F000CDCAC3 /* Animal.swift in Sources */ = {isa = PBXBuildFile; fileRef = 0C55F82F225BE9F000CDCAC3 /* Animal.swift */; };
		0C55F833225BEB8D00CDCAC3 /* AnimalListRepository.swift in Sources */ = {isa = PBXBuildFile; fileRef = 0C55F832225BEB8D00CDCAC3 /* AnimalListRepository.swift */; };
		0C55F836225C055500CDCAC3 /* AnimalListPresenter.swift in Sources */ = {isa = PBXBuildFile; fileRef = 0C55F835225C055500CDCAC3 /* AnimalListPresenter.swift */; };
		0C55F839225C0B5900CDCAC3 /* AnimalCollectionViewCell.swift in Sources */ = {isa = PBXBuildFile; fileRef = 0C55F838225C0B5900CDCAC3 /* AnimalCollectionViewCell.swift */; };
		0C55F83B225C1DF800CDCAC3 /* AnimalListViewController.swift in Sources */ = {isa = PBXBuildFile; fileRef = 0C55F83A225C1DF800CDCAC3 /* AnimalListViewController.swift */; };
		0C5FED34225C81F10058B28B /* AnimalListView.swift in Sources */ = {isa = PBXBuildFile; fileRef = 0C5FED33225C81F10058B28B /* AnimalListView.swift */; };
/* End PBXBuildFile section */

/* Begin PBXFileReference section */
		0C4DC2B4225D50490001D84D /* AnimalDetailsViewController.swift */ = {isa = PBXFileReference; lastKnownFileType = sourcecode.swift; path = AnimalDetailsViewController.swift; sourceTree = "<group>"; };
		0C4DC2B6225D8DBD0001D84D /* Values.swift */ = {isa = PBXFileReference; lastKnownFileType = sourcecode.swift; path = Values.swift; sourceTree = "<group>"; };
		0C4DC2B8225D94BF0001D84D /* AnimalDetailsPresenter.swift */ = {isa = PBXFileReference; lastKnownFileType = sourcecode.swift; path = AnimalDetailsPresenter.swift; sourceTree = "<group>"; };
		0C4DC2BA225D94F80001D84D /* AnimalDetailsView.swift */ = {isa = PBXFileReference; lastKnownFileType = sourcecode.swift; path = AnimalDetailsView.swift; sourceTree = "<group>"; };
		0C4DC2BC225E90AE0001D84D /* AnimalListCollectionViewDataSource.swift */ = {isa = PBXFileReference; lastKnownFileType = sourcecode.swift; path = AnimalListCollectionViewDataSource.swift; sourceTree = "<group>"; };
		0C4DC2BE225E91840001D84D /* AnimalListCollectionViewDelegate.swift */ = {isa = PBXFileReference; lastKnownFileType = sourcecode.swift; path = AnimalListCollectionViewDelegate.swift; sourceTree = "<group>"; };
		0C4DC2C3225E9E400001D84D /* MvpAssembly.swift */ = {isa = PBXFileReference; lastKnownFileType = sourcecode.swift; path = MvpAssembly.swift; sourceTree = "<group>"; };
		0C4DC2C5225EAD130001D84D /* AnimalCollectionView.swift */ = {isa = PBXFileReference; lastKnownFileType = sourcecode.swift; path = AnimalCollectionView.swift; sourceTree = "<group>"; };
		0C55F816225AFF0F00CDCAC3 /* ArchitectureHW.app */ = {isa = PBXFileReference; explicitFileType = wrapper.application; includeInIndex = 0; path = ArchitectureHW.app; sourceTree = BUILT_PRODUCTS_DIR; };
		0C55F819225AFF0F00CDCAC3 /* AppDelegate.swift */ = {isa = PBXFileReference; lastKnownFileType = sourcecode.swift; path = AppDelegate.swift; sourceTree = "<group>"; };
		0C55F820225AFF0F00CDCAC3 /* Assets.xcassets */ = {isa = PBXFileReference; lastKnownFileType = folder.assetcatalog; path = Assets.xcassets; sourceTree = "<group>"; };
		0C55F823225AFF0F00CDCAC3 /* Base */ = {isa = PBXFileReference; lastKnownFileType = file.storyboard; name = Base; path = Base.lproj/LaunchScreen.storyboard; sourceTree = "<group>"; };
		0C55F825225AFF0F00CDCAC3 /* Info.plist */ = {isa = PBXFileReference; lastKnownFileType = text.plist.xml; path = Info.plist; sourceTree = "<group>"; };
		0C55F82F225BE9F000CDCAC3 /* Animal.swift */ = {isa = PBXFileReference; lastKnownFileType = sourcecode.swift; path = Animal.swift; sourceTree = "<group>"; };
		0C55F832225BEB8D00CDCAC3 /* AnimalListRepository.swift */ = {isa = PBXFileReference; lastKnownFileType = sourcecode.swift; path = AnimalListRepository.swift; sourceTree = "<group>"; };
		0C55F835225C055500CDCAC3 /* AnimalListPresenter.swift */ = {isa = PBXFileReference; lastKnownFileType = sourcecode.swift; path = AnimalListPresenter.swift; sourceTree = "<group>"; };
		0C55F838225C0B5900CDCAC3 /* AnimalCollectionViewCell.swift */ = {isa = PBXFileReference; lastKnownFileType = sourcecode.swift; path = AnimalCollectionViewCell.swift; sourceTree = "<group>"; };
		0C55F83A225C1DF800CDCAC3 /* AnimalListViewController.swift */ = {isa = PBXFileReference; lastKnownFileType = sourcecode.swift; path = AnimalListViewController.swift; sourceTree = "<group>"; };
		0C5FED33225C81F10058B28B /* AnimalListView.swift */ = {isa = PBXFileReference; lastKnownFileType = sourcecode.swift; path = AnimalListView.swift; sourceTree = "<group>"; };
/* End PBXFileReference section */

/* Begin PBXFrameworksBuildPhase section */
		0C55F813225AFF0F00CDCAC3 /* Frameworks */ = {
			isa = PBXFrameworksBuildPhase;
			buildActionMask = 2147483647;
			files = (
			);
			runOnlyForDeploymentPostprocessing = 0;
		};
/* End PBXFrameworksBuildPhase section */

/* Begin PBXGroup section */
		0C4DC2C2225E9E1C0001D84D /* assembly */ = {
			isa = PBXGroup;
			children = (
				0C4DC2C3225E9E400001D84D /* MvpAssembly.swift */,
			);
			path = assembly;
			sourceTree = "<group>";
		};
		0C55F80D225AFF0F00CDCAC3 = {
			isa = PBXGroup;
			children = (
				0C55F818225AFF0F00CDCAC3 /* ArchitectureHW */,
				0C55F817225AFF0F00CDCAC3 /* Products */,
			);
			sourceTree = "<group>";
		};
		0C55F817225AFF0F00CDCAC3 /* Products */ = {
			isa = PBXGroup;
			children = (
				0C55F816225AFF0F00CDCAC3 /* ArchitectureHW.app */,
			);
			name = Products;
			sourceTree = "<group>";
		};
		0C55F818225AFF0F00CDCAC3 /* ArchitectureHW */ = {
			isa = PBXGroup;
			children = (
				0C4DC2C2225E9E1C0001D84D /* assembly */,
				0C55F837225C057100CDCAC3 /* view */,
				0C55F834225C053400CDCAC3 /* presenter */,
				0C55F82B225B200E00CDCAC3 /* model */,
				0C55F819225AFF0F00CDCAC3 /* AppDelegate.swift */,
				0C55F820225AFF0F00CDCAC3 /* Assets.xcassets */,
				0C55F822225AFF0F00CDCAC3 /* LaunchScreen.storyboard */,
				0C55F825225AFF0F00CDCAC3 /* Info.plist */,
				0C4DC2B6225D8DBD0001D84D /* Values.swift */,
			);
			path = ArchitectureHW;
			sourceTree = "<group>";
		};
		0C55F82B225B200E00CDCAC3 /* model */ = {
			isa = PBXGroup;
			children = (
				0C55F831225BEB5700CDCAC3 /* repository */,
				0C55F82E225BE9C000CDCAC3 /* dataClass */,
			);
			path = model;
			sourceTree = "<group>";
		};
		0C55F82E225BE9C000CDCAC3 /* dataClass */ = {
			isa = PBXGroup;
			children = (
				0C55F82F225BE9F000CDCAC3 /* Animal.swift */,
			);
			path = dataClass;
			sourceTree = "<group>";
		};
		0C55F831225BEB5700CDCAC3 /* repository */ = {
			isa = PBXGroup;
			children = (
				0C55F832225BEB8D00CDCAC3 /* AnimalListRepository.swift */,
			);
			path = repository;
			sourceTree = "<group>";
		};
		0C55F834225C053400CDCAC3 /* presenter */ = {
			isa = PBXGroup;
			children = (
				0C55F835225C055500CDCAC3 /* AnimalListPresenter.swift */,
				0C4DC2B8225D94BF0001D84D /* AnimalDetailsPresenter.swift */,
			);
			path = presenter;
			sourceTree = "<group>";
		};
		0C55F837225C057100CDCAC3 /* view */ = {
			isa = PBXGroup;
			children = (
				0C55F83C225C1E1700CDCAC3 /* collection */,
				0C55F83A225C1DF800CDCAC3 /* AnimalListViewController.swift */,
				0C5FED33225C81F10058B28B /* AnimalListView.swift */,
				0C4DC2B4225D50490001D84D /* AnimalDetailsViewController.swift */,
				0C4DC2BA225D94F80001D84D /* AnimalDetailsView.swift */,
			);
			path = view;
			sourceTree = "<group>";
		};
		0C55F83C225C1E1700CDCAC3 /* collection */ = {
			isa = PBXGroup;
			children = (
				0C55F838225C0B5900CDCAC3 /* AnimalCollectionViewCell.swift */,
				0C4DC2BC225E90AE0001D84D /* AnimalListCollectionViewDataSource.swift */,
				0C4DC2BE225E91840001D84D /* AnimalListCollectionViewDelegate.swift */,
				0C4DC2C5225EAD130001D84D /* AnimalCollectionView.swift */,
			);
			path = collection;
			sourceTree = "<group>";
		};
/* End PBXGroup section */

/* Begin PBXNativeTarget section */
		0C55F815225AFF0F00CDCAC3 /* ArchitectureHW */ = {
			isa = PBXNativeTarget;
			buildConfigurationList = 0C55F828225AFF1000CDCAC3 /* Build configuration list for PBXNativeTarget "ArchitectureHW" */;
			buildPhases = (
				0C55F812225AFF0F00CDCAC3 /* Sources */,
				0C55F813225AFF0F00CDCAC3 /* Frameworks */,
				0C55F814225AFF0F00CDCAC3 /* Resources */,
			);
			buildRules = (
			);
			dependencies = (
			);
			name = ArchitectureHW;
			productName = ArchitectureHW;
			productReference = 0C55F816225AFF0F00CDCAC3 /* ArchitectureHW.app */;
			productType = "com.apple.product-type.application";
		};
/* End PBXNativeTarget section */

/* Begin PBXProject section */
		0C55F80E225AFF0F00CDCAC3 /* Project object */ = {
			isa = PBXProject;
			attributes = {
				LastSwiftUpdateCheck = 1010;
				LastUpgradeCheck = 1010;
				ORGANIZATIONNAME = "Maksim Ivanov";
				TargetAttributes = {
					0C55F815225AFF0F00CDCAC3 = {
						CreatedOnToolsVersion = 10.1;
					};
				};
			};
			buildConfigurationList = 0C55F811225AFF0F00CDCAC3 /* Build configuration list for PBXProject "ArchitectureHW" */;
			compatibilityVersion = "Xcode 9.3";
			developmentRegion = en;
			hasScannedForEncodings = 0;
			knownRegions = (
				en,
				Base,
			);
			mainGroup = 0C55F80D225AFF0F00CDCAC3;
			productRefGroup = 0C55F817225AFF0F00CDCAC3 /* Products */;
			projectDirPath = "";
			projectRoot = "";
			targets = (
				0C55F815225AFF0F00CDCAC3 /* ArchitectureHW */,
			);
		};
/* End PBXProject section */

/* Begin PBXResourcesBuildPhase section */
		0C55F814225AFF0F00CDCAC3 /* Resources */ = {
			isa = PBXResourcesBuildPhase;
			buildActionMask = 2147483647;
			files = (
				0C55F824225AFF0F00CDCAC3 /* LaunchScreen.storyboard in Resources */,
				0C55F821225AFF0F00CDCAC3 /* Assets.xcassets in Resources */,
			);
			runOnlyForDeploymentPostprocessing = 0;
		};
/* End PBXResourcesBuildPhase section */

/* Begin PBXSourcesBuildPhase section */
		0C55F812225AFF0F00CDCAC3 /* Sources */ = {
			isa = PBXSourcesBuildPhase;
			buildActionMask = 2147483647;
			files = (
				0C5FED34225C81F10058B28B /* AnimalListView.swift in Sources */,
				0C4DC2C4225E9E400001D84D /* MvpAssembly.swift in Sources */,
				0C4DC2B7225D8DBD0001D84D /* Values.swift in Sources */,
				0C4DC2B5225D50490001D84D /* AnimalDetailsViewController.swift in Sources */,
				0C55F83B225C1DF800CDCAC3 /* AnimalListViewController.swift in Sources */,
				0C55F833225BEB8D00CDCAC3 /* AnimalListRepository.swift in Sources */,
				0C4DC2B9225D94BF0001D84D /* AnimalDetailsPresenter.swift in Sources */,
				0C4DC2BF225E91840001D84D /* AnimalListCollectionViewDelegate.swift in Sources */,
				0C4DC2BB225D94F80001D84D /* AnimalDetailsView.swift in Sources */,
				0C4DC2BD225E90AE0001D84D /* AnimalListCollectionViewDataSource.swift in Sources */,
				0C55F830225BE9F000CDCAC3 /* Animal.swift in Sources */,
				0C55F839225C0B5900CDCAC3 /* AnimalCollectionViewCell.swift in Sources */,
				0C55F836225C055500CDCAC3 /* AnimalListPresenter.swift in Sources */,
				0C4DC2C6225EAD130001D84D /* AnimalCollectionView.swift in Sources */,
				0C55F81A225AFF0F00CDCAC3 /* AppDelegate.swift in Sources */,
			);
			runOnlyForDeploymentPostprocessing = 0;
		};
/* End PBXSourcesBuildPhase section */

/* Begin PBXVariantGroup section */
		0C55F822225AFF0F00CDCAC3 /* LaunchScreen.storyboard */ = {
			isa = PBXVariantGroup;
			children = (
				0C55F823225AFF0F00CDCAC3 /* Base */,
			);
			name = LaunchScreen.storyboard;
			sourceTree = "<group>";
		};
/* End PBXVariantGroup section */

/* Begin XCBuildConfiguration section */
		0C55F826225AFF0F00CDCAC3 /* Debug */ = {
			isa = XCBuildConfiguration;
			buildSettings = {
				ALWAYS_SEARCH_USER_PATHS = NO;
				CLANG_ANALYZER_NONNULL = YES;
				CLANG_ANALYZER_NUMBER_OBJECT_CONVERSION = YES_AGGRESSIVE;
				CLANG_CXX_LANGUAGE_STANDARD = "gnu++14";
				CLANG_CXX_LIBRARY = "libc++";
				CLANG_ENABLE_MODULES = YES;
				CLANG_ENABLE_OBJC_ARC = YES;
				CLANG_ENABLE_OBJC_WEAK = YES;
				CLANG_WARN_BLOCK_CAPTURE_AUTORELEASING = YES;
				CLANG_WARN_BOOL_CONVERSION = YES;
				CLANG_WARN_COMMA = YES;
				CLANG_WARN_CONSTANT_CONVERSION = YES;
				CLANG_WARN_DEPRECATED_OBJC_IMPLEMENTATIONS = YES;
				CLANG_WARN_DIRECT_OBJC_ISA_USAGE = YES_ERROR;
				CLANG_WARN_DOCUMENTATION_COMMENTS = YES;
				CLANG_WARN_EMPTY_BODY = YES;
				CLANG_WARN_ENUM_CONVERSION = YES;
				CLANG_WARN_INFINITE_RECURSION = YES;
				CLANG_WARN_INT_CONVERSION = YES;
				CLANG_WARN_NON_LITERAL_NULL_CONVERSION = YES;
				CLANG_WARN_OBJC_IMPLICIT_RETAIN_SELF = YES;
				CLANG_WARN_OBJC_LITERAL_CONVERSION = YES;
				CLANG_WARN_OBJC_ROOT_CLASS = YES_ERROR;
				CLANG_WARN_RANGE_LOOP_ANALYSIS = YES;
				CLANG_WARN_STRICT_PROTOTYPES = YES;
				CLANG_WARN_SUSPICIOUS_MOVE = YES;
				CLANG_WARN_UNGUARDED_AVAILABILITY = YES_AGGRESSIVE;
				CLANG_WARN_UNREACHABLE_CODE = YES;
				CLANG_WARN__DUPLICATE_METHOD_MATCH = YES;
				CODE_SIGN_IDENTITY = "iPhone Developer";
				COPY_PHASE_STRIP = NO;
				DEBUG_INFORMATION_FORMAT = dwarf;
				ENABLE_STRICT_OBJC_MSGSEND = YES;
				ENABLE_TESTABILITY = YES;
				GCC_C_LANGUAGE_STANDARD = gnu11;
				GCC_DYNAMIC_NO_PIC = NO;
				GCC_NO_COMMON_BLOCKS = YES;
				GCC_OPTIMIZATION_LEVEL = 0;
				GCC_PREPROCESSOR_DEFINITIONS = (
					"DEBUG=1",
					"$(inherited)",
				);
				GCC_WARN_64_TO_32_BIT_CONVERSION = YES;
				GCC_WARN_ABOUT_RETURN_TYPE = YES_ERROR;
				GCC_WARN_UNDECLARED_SELECTOR = YES;
				GCC_WARN_UNINITIALIZED_AUTOS = YES_AGGRESSIVE;
				GCC_WARN_UNUSED_FUNCTION = YES;
				GCC_WARN_UNUSED_VARIABLE = YES;
				IPHONEOS_DEPLOYMENT_TARGET = 12.1;
				MTL_ENABLE_DEBUG_INFO = INCLUDE_SOURCE;
				MTL_FAST_MATH = YES;
				ONLY_ACTIVE_ARCH = YES;
				SDKROOT = iphoneos;
				SWIFT_ACTIVE_COMPILATION_CONDITIONS = DEBUG;
				SWIFT_OPTIMIZATION_LEVEL = "-Onone";
			};
			name = Debug;
		};
		0C55F827225AFF0F00CDCAC3 /* Release */ = {
			isa = XCBuildConfiguration;
			buildSettings = {
				ALWAYS_SEARCH_USER_PATHS = NO;
				CLANG_ANALYZER_NONNULL = YES;
				CLANG_ANALYZER_NUMBER_OBJECT_CONVERSION = YES_AGGRESSIVE;
				CLANG_CXX_LANGUAGE_STANDARD = "gnu++14";
				CLANG_CXX_LIBRARY = "libc++";
				CLANG_ENABLE_MODULES = YES;
				CLANG_ENABLE_OBJC_ARC = YES;
				CLANG_ENABLE_OBJC_WEAK = YES;
				CLANG_WARN_BLOCK_CAPTURE_AUTORELEASING = YES;
				CLANG_WARN_BOOL_CONVERSION = YES;
				CLANG_WARN_COMMA = YES;
				CLANG_WARN_CONSTANT_CONVERSION = YES;
				CLANG_WARN_DEPRECATED_OBJC_IMPLEMENTATIONS = YES;
				CLANG_WARN_DIRECT_OBJC_ISA_USAGE = YES_ERROR;
				CLANG_WARN_DOCUMENTATION_COMMENTS = YES;
				CLANG_WARN_EMPTY_BODY = YES;
				CLANG_WARN_ENUM_CONVERSION = YES;
				CLANG_WARN_INFINITE_RECURSION = YES;
				CLANG_WARN_INT_CONVERSION = YES;
				CLANG_WARN_NON_LITERAL_NULL_CONVERSION = YES;
				CLANG_WARN_OBJC_IMPLICIT_RETAIN_SELF = YES;
				CLANG_WARN_OBJC_LITERAL_CONVERSION = YES;
				CLANG_WARN_OBJC_ROOT_CLASS = YES_ERROR;
				CLANG_WARN_RANGE_LOOP_ANALYSIS = YES;
				CLANG_WARN_STRICT_PROTOTYPES = YES;
				CLANG_WARN_SUSPICIOUS_MOVE = YES;
				CLANG_WARN_UNGUARDED_AVAILABILITY = YES_AGGRESSIVE;
				CLANG_WARN_UNREACHABLE_CODE = YES;
				CLANG_WARN__DUPLICATE_METHOD_MATCH = YES;
				CODE_SIGN_IDENTITY = "iPhone Developer";
				COPY_PHASE_STRIP = NO;
				DEBUG_INFORMATION_FORMAT = "dwarf-with-dsym";
				ENABLE_NS_ASSERTIONS = NO;
				ENABLE_STRICT_OBJC_MSGSEND = YES;
				GCC_C_LANGUAGE_STANDARD = gnu11;
				GCC_NO_COMMON_BLOCKS = YES;
				GCC_WARN_64_TO_32_BIT_CONVERSION = YES;
				GCC_WARN_ABOUT_RETURN_TYPE = YES_ERROR;
				GCC_WARN_UNDECLARED_SELECTOR = YES;
				GCC_WARN_UNINITIALIZED_AUTOS = YES_AGGRESSIVE;
				GCC_WARN_UNUSED_FUNCTION = YES;
				GCC_WARN_UNUSED_VARIABLE = YES;
				IPHONEOS_DEPLOYMENT_TARGET = 12.1;
				MTL_ENABLE_DEBUG_INFO = NO;
				MTL_FAST_MATH = YES;
				SDKROOT = iphoneos;
				SWIFT_COMPILATION_MODE = wholemodule;
				SWIFT_OPTIMIZATION_LEVEL = "-O";
				VALIDATE_PRODUCT = YES;
			};
			name = Release;
		};
		0C55F829225AFF1000CDCAC3 /* Debug */ = {
			isa = XCBuildConfiguration;
			buildSettings = {
				ASSETCATALOG_COMPILER_APPICON_NAME = AppIcon;
				CODE_SIGN_STYLE = Automatic;
				INFOPLIST_FILE = ArchitectureHW/Info.plist;
				LD_RUNPATH_SEARCH_PATHS = (
					"$(inherited)",
					"@executable_path/Frameworks",
				);
				PRODUCT_BUNDLE_IDENTIFIER = io.github.maksimn.ArchitectureHW;
				PRODUCT_NAME = "$(TARGET_NAME)";
				SWIFT_VERSION = 4.2;
				TARGETED_DEVICE_FAMILY = "1,2";
			};
			name = Debug;
		};
		0C55F82A225AFF1000CDCAC3 /* Release */ = {
			isa = XCBuildConfiguration;
			buildSettings = {
				ASSETCATALOG_COMPILER_APPICON_NAME = AppIcon;
				CODE_SIGN_STYLE = Automatic;
				INFOPLIST_FILE = ArchitectureHW/Info.plist;
				LD_RUNPATH_SEARCH_PATHS = (
					"$(inherited)",
					"@executable_path/Frameworks",
				);
				PRODUCT_BUNDLE_IDENTIFIER = io.github.maksimn.ArchitectureHW;
				PRODUCT_NAME = "$(TARGET_NAME)";
				SWIFT_VERSION = 4.2;
				TARGETED_DEVICE_FAMILY = "1,2";
			};
			name = Release;
		};
/* End XCBuildConfiguration section */

/* Begin XCConfigurationList section */
		0C55F811225AFF0F00CDCAC3 /* Build configuration list for PBXProject "ArchitectureHW" */ = {
			isa = XCConfigurationList;
			buildConfigurations = (
				0C55F826225AFF0F00CDCAC3 /* Debug */,
				0C55F827225AFF0F00CDCAC3 /* Release */,
			);
			defaultConfigurationIsVisible = 0;
			defaultConfigurationName = Release;
		};
		0C55F828225AFF1000CDCAC3 /* Build configuration list for PBXNativeTarget "ArchitectureHW" */ = {
			isa = XCConfigurationList;
			buildConfigurations = (
				0C55F829225AFF1000CDCAC3 /* Debug */,
				0C55F82A225AFF1000CDCAC3 /* Release */,
			);
			defaultConfigurationIsVisible = 0;
			defaultConfigurationName = Release;
		};
/* End XCConfigurationList section */
	};
	rootObject = 0C55F80E225AFF0F00CDCAC3 /* Project object */;
}
